
Microsoft Visual Studio Solution File, Format Version 12.00
# Visual Studio Version 16
VisualStudioVersion = 16.0.30804.86
MinimumVisualStudioVersion = 10.0.40219.1
Project("{9A19103F-16F7-4668-BE54-9A1E7A4F7556}") = "HotelDBConsole21", "HotelDB21\HotelDBConsole21.csproj", "{43365A91-031E-4CBE-A2CC-06816A6D4D6D}"
EndProject
Project("{9A19103F-16F7-4668-BE54-9A1E7A4F7556}") = "RazorPageHotelApp", "RazorPageHotelApp\RazorPageHotelApp.csproj", "{C8AC2D60-C733-43DE-9319-F8ABADEBFE29}"
EndProject
Project("{FAE04EC0-301F-11D3-BF4B-00C04F79EFBC}") = "RazorPageHotelAppUnitTest", "RazorPageHotelAppUnitTest\RazorPageHotelAppUnitTest.csproj", "{D1F9D02B-4D55-421D-BC69-0B3E8D20B59E}"
EndProject
Global
	GlobalSection(SolutionConfigurationPlatforms) = preSolution
		Debug|Any CPU = Debug|Any CPU
		Release|Any CPU = Release|Any CPU
	EndGlobalSection
	GlobalSection(ProjectConfigurationPlatforms) = postSolution
		{43365A91-031E-4CBE-A2CC-06816A6D4D6D}.Debug|Any CPU.ActiveCfg = Debug|Any CPU
		{43365A91-031E-4CBE-A2CC-06816A6D4D6D}.Debug|Any CPU.Build.0 = Debug|Any CPU
		{43365A91-031E-4CBE-A2CC-06816A6D4D6D}.Release|Any CPU.ActiveCfg = Release|Any CPU
		{43365A91-031E-4CBE-A2CC-06816A6D4D6D}.Release|Any CPU.Build.0 = Release|Any CPU
		{C8AC2D60-C733-43DE-9319-F8ABADEBFE29}.Debug|Any CPU.ActiveCfg = Debug|Any CPU
		{C8AC2D60-C733-43DE-9319-F8ABADEBFE29}.Debug|Any CPU.Build.0 = Debug|Any CPU
		{C8AC2D60-C733-43DE-9319-F8ABADEBFE29}.Release|Any CPU.ActiveCfg = Release|Any CPU
		{C8AC2D60-C733-43DE-9319-F8ABADEBFE29}.Release|Any CPU.Build.0 = Release|Any CPU
		{D1F9D02B-4D55-421D-BC69-0B3E8D20B59E}.Debug|Any CPU.ActiveCfg = Debug|Any CPU
		{D1F9D02B-4D55-421D-BC69-0B3E8D20B59E}.Debug|Any CPU.Build.0 = Debug|Any CPU
		{D1F9D02B-4D55-421D-BC69-0B3E8D20B59E}.Release|Any CPU.ActiveCfg = Release|Any CPU
		{D1F9D02B-4D55-421D-BC69-0B3E8D20B59E}.Release|Any CPU.Build.0 = Release|Any CPU
	EndGlobalSection
	GlobalSection(SolutionProperties) = preSolution
		HideSolutionNode = FALSE
	EndGlobalSection
	GlobalSection(ExtensibilityGlobals) = postSolution
		SolutionGuid = {ABC90793-862B-4139-AF41-E8D70C1FF6AB}
	EndGlobalSection
EndGlobal
